
Microsoft Visual Studio Solution File, Format Version 12.00
# Visual Studio Version 17
VisualStudioVersion = 17.0.31903.59
MinimumVisualStudioVersion = 10.0.40219.1
Project("{FAE04EC0-301F-11D3-BF4B-00C04F79EFBC}") = "ReVM", "ReVM\ReVM.csproj", "{A8EF835D-DE46-4F9F-9779-5718D2FE943D}"
EndProject
Project("{2150E333-8FDC-42A3-9474-1A3956D46DE8}") = "runtime-src", "runtime-src", "{52AAA35F-AB7F-2E3B-CD63-DE459F1DD777}"
EndProject
Project("{FAE04EC0-301F-11D3-BF4B-00C04F79EFBC}") = "RevmRenderHost", "runtime-src\RevmRenderHost\RevmRenderHost.csproj", "{C54A063B-CA1C-4192-A14A-F12CB1DB43BD}"
EndProject
Project("{FAE04EC0-301F-11D3-BF4B-00C04F79EFBC}") = "RevmFastpipeAbi", "runtime-src\RevmFastpipeAbi\RevmFastpipeAbi.csproj", "{50D238A4-C0A5-4A49-A5DD-C4722FD538E7}"
EndProject
Project("{FAE04EC0-301F-11D3-BF4B-00C04F79EFBC}") = "RevmFastpipeHost", "runtime-src\RevmFastpipeHost\RevmFastpipeHost.csproj", "{566685BB-7499-4603-8A0B-05F2F1B8AE5C}"
EndProject
Project("{FAE04EC0-301F-11D3-BF4B-00C04F79EFBC}") = "RevmVmm", "runtime-src\RevmVmm\RevmVmm.csproj", "{B365AD72-E603-453F-8641-EF927A17F59F}"
EndProject
Project("{FAE04EC0-301F-11D3-BF4B-00C04F79EFBC}") = "ReplayerAutomationProbe", "runtime-src\ReplayerAutomationProbe\ReplayerAutomationProbe.csproj", "{7ACBE215-A7D3-4D53-B4BF-C6AEA296C54C}"
EndProject
Global
	GlobalSection(SolutionConfigurationPlatforms) = preSolution
		Debug|Any CPU = Debug|Any CPU
		Debug|x64 = Debug|x64
		Debug|x86 = Debug|x86
		Release|Any CPU = Release|Any CPU
		Release|x64 = Release|x64
		Release|x86 = Release|x86
	EndGlobalSection
	GlobalSection(ProjectConfigurationPlatforms) = postSolution
		{A8EF835D-DE46-4F9F-9779-5718D2FE943D}.Debug|Any CPU.ActiveCfg = Debug|Any CPU
		{A8EF835D-DE46-4F9F-9779-5718D2FE943D}.Debug|Any CPU.Build.0 = Debug|Any CPU
		{A8EF835D-DE46-4F9F-9779-5718D2FE943D}.Debug|x64.ActiveCfg = Debug|Any CPU
		{A8EF835D-DE46-4F9F-9779-5718D2FE943D}.Debug|x64.Build.0 = Debug|Any CPU
		{A8EF835D-DE46-4F9F-9779-5718D2FE943D}.Debug|x86.ActiveCfg = Debug|Any CPU
		{A8EF835D-DE46-4F9F-9779-5718D2FE943D}.Debug|x86.Build.0 = Debug|Any CPU
		{A8EF835D-DE46-4F9F-9779-5718D2FE943D}.Release|Any CPU.ActiveCfg = Release|Any CPU
		{A8EF835D-DE46-4F9F-9779-5718D2FE943D}.Release|Any CPU.Build.0 = Release|Any CPU
		{A8EF835D-DE46-4F9F-9779-5718D2FE943D}.Release|x64.ActiveCfg = Release|Any CPU
		{A8EF835D-DE46-4F9F-9779-5718D2FE943D}.Release|x64.Build.0 = Release|Any CPU
		{A8EF835D-DE46-4F9F-9779-5718D2FE943D}.Release|x86.ActiveCfg = Release|Any CPU
		{A8EF835D-DE46-4F9F-9779-5718D2FE943D}.Release|x86.Build.0 = Release|Any CPU
		{C54A063B-CA1C-4192-A14A-F12CB1DB43BD}.Debug|Any CPU.ActiveCfg = Debug|Any CPU
		{C54A063B-CA1C-4192-A14A-F12CB1DB43BD}.Debug|Any CPU.Build.0 = Debug|Any CPU
		{C54A063B-CA1C-4192-A14A-F12CB1DB43BD}.Debug|x64.ActiveCfg = Debug|Any CPU
		{C54A063B-CA1C-4192-A14A-F12CB1DB43BD}.Debug|x64.Build.0 = Debug|Any CPU
		{C54A063B-CA1C-4192-A14A-F12CB1DB43BD}.Debug|x86.ActiveCfg = Debug|Any CPU
		{C54A063B-CA1C-4192-A14A-F12CB1DB43BD}.Debug|x86.Build.0 = Debug|Any CPU
		{C54A063B-CA1C-4192-A14A-F12CB1DB43BD}.Release|Any CPU.ActiveCfg = Release|Any CPU
		{C54A063B-CA1C-4192-A14A-F12CB1DB43BD}.Release|Any CPU.Build.0 = Release|Any CPU
		{C54A063B-CA1C-4192-A14A-F12CB1DB43BD}.Release|x64.ActiveCfg = Release|Any CPU
		{C54A063B-CA1C-4192-A14A-F12CB1DB43BD}.Release|x64.Build.0 = Release|Any CPU
		{C54A063B-CA1C-4192-A14A-F12CB1DB43BD}.Release|x86.ActiveCfg = Release|Any CPU
		{C54A063B-CA1C-4192-A14A-F12CB1DB43BD}.Release|x86.Build.0 = Release|Any CPU
		{50D238A4-C0A5-4A49-A5DD-C4722FD538E7}.Debug|Any CPU.ActiveCfg = Debug|Any CPU
		{50D238A4-C0A5-4A49-A5DD-C4722FD538E7}.Debug|Any CPU.Build.0 = Debug|Any CPU
		{50D238A4-C0A5-4A49-A5DD-C4722FD538E7}.Debug|x64.ActiveCfg = Debug|Any CPU
		{50D238A4-C0A5-4A49-A5DD-C4722FD538E7}.Debug|x64.Build.0 = Debug|Any CPU
		{50D238A4-C0A5-4A49-A5DD-C4722FD538E7}.Debug|x86.ActiveCfg = Debug|Any CPU
		{50D238A4-C0A5-4A49-A5DD-C4722FD538E7}.Debug|x86.Build.0 = Debug|Any CPU
		{50D238A4-C0A5-4A49-A5DD-C4722FD538E7}.Release|Any CPU.ActiveCfg = Release|Any CPU
		{50D238A4-C0A5-4A49-A5DD-C4722FD538E7}.Release|Any CPU.Build.0 = Release|Any CPU
		{50D238A4-C0A5-4A49-A5DD-C4722FD538E7}.Release|x64.ActiveCfg = Release|Any CPU
		{50D238A4-C0A5-4A49-A5DD-C4722FD538E7}.Release|x64.Build.0 = Release|Any CPU
		{50D238A4-C0A5-4A49-A5DD-C4722FD538E7}.Release|x86.ActiveCfg = Release|Any CPU
		{50D238A4-C0A5-4A49-A5DD-C4722FD538E7}.Release|x86.Build.0 = Release|Any CPU
		{566685BB-7499-4603-8A0B-05F2F1B8AE5C}.Debug|Any CPU.ActiveCfg = Debug|Any CPU
		{566685BB-7499-4603-8A0B-05F2F1B8AE5C}.Debug|Any CPU.Build.0 = Debug|Any CPU
		{566685BB-7499-4603-8A0B-05F2F1B8AE5C}.Debug|x64.ActiveCfg = Debug|Any CPU
		{566685BB-7499-4603-8A0B-05F2F1B8AE5C}.Debug|x64.Build.0 = Debug|Any CPU
		{566685BB-7499-4603-8A0B-05F2F1B8AE5C}.Debug|x86.ActiveCfg = Debug|Any CPU
		{566685BB-7499-4603-8A0B-05F2F1B8AE5C}.Debug|x86.Build.0 = Debug|Any CPU
		{566685BB-7499-4603-8A0B-05F2F1B8AE5C}.Release|Any CPU.ActiveCfg = Release|Any CPU
		{566685BB-7499-4603-8A0B-05F2F1B8AE5C}.Release|Any CPU.Build.0 = Release|Any CPU
		{566685BB-7499-4603-8A0B-05F2F1B8AE5C}.Release|x64.ActiveCfg = Release|Any CPU
		{566685BB-7499-4603-8A0B-05F2F1B8AE5C}.Release|x64.Build.0 = Release|Any CPU
		{566685BB-7499-4603-8A0B-05F2F1B8AE5C}.Release|x86.ActiveCfg = Release|Any CPU
		{566685BB-7499-4603-8A0B-05F2F1B8AE5C}.Release|x86.Build.0 = Release|Any CPU
		{B365AD72-E603-453F-8641-EF927A17F59F}.Debug|Any CPU.ActiveCfg = Debug|Any CPU
		{B365AD72-E603-453F-8641-EF927A17F59F}.Debug|Any CPU.Build.0 = Debug|Any CPU
		{B365AD72-E603-453F-8641-EF927A17F59F}.Debug|x64.ActiveCfg = Debug|Any CPU
		{B365AD72-E603-453F-8641-EF927A17F59F}.Debug|x64.Build.0 = Debug|Any CPU
		{B365AD72-E603-453F-8641-EF927A17F59F}.Debug|x86.ActiveCfg = Debug|Any CPU
		{B365AD72-E603-453F-8641-EF927A17F59F}.Debug|x86.Build.0 = Debug|Any CPU
		{B365AD72-E603-453F-8641-EF927A17F59F}.Release|Any CPU.ActiveCfg = Release|Any CPU
		{B365AD72-E603-453F-8641-EF927A17F59F}.Release|Any CPU.Build.0 = Release|Any CPU
		{B365AD72-E603-453F-8641-EF927A17F59F}.Release|x64.ActiveCfg = Release|Any CPU
		{B365AD72-E603-453F-8641-EF927A17F59F}.Release|x64.Build.0 = Release|Any CPU
		{B365AD72-E603-453F-8641-EF927A17F59F}.Release|x86.ActiveCfg = Release|Any CPU
		{B365AD72-E603-453F-8641-EF927A17F59F}.Release|x86.Build.0 = Release|Any CPU
		{7ACBE215-A7D3-4D53-B4BF-C6AEA296C54C}.Debug|Any CPU.ActiveCfg = Debug|Any CPU
		{7ACBE215-A7D3-4D53-B4BF-C6AEA296C54C}.Debug|Any CPU.Build.0 = Debug|Any CPU
		{7ACBE215-A7D3-4D53-B4BF-C6AEA296C54C}.Debug|x64.ActiveCfg = Debug|Any CPU
		{7ACBE215-A7D3-4D53-B4BF-C6AEA296C54C}.Debug|x64.Build.0 = Debug|Any CPU
		{7ACBE215-A7D3-4D53-B4BF-C6AEA296C54C}.Debug|x86.ActiveCfg = Debug|Any CPU
		{7ACBE215-A7D3-4D53-B4BF-C6AEA296C54C}.Debug|x86.Build.0 = Debug|Any CPU
		{7ACBE215-A7D3-4D53-B4BF-C6AEA296C54C}.Release|Any CPU.ActiveCfg = Release|Any CPU
		{7ACBE215-A7D3-4D53-B4BF-C6AEA296C54C}.Release|Any CPU.Build.0 = Release|Any CPU
		{7ACBE215-A7D3-4D53-B4BF-C6AEA296C54C}.Release|x64.ActiveCfg = Release|Any CPU
		{7ACBE215-A7D3-4D53-B4BF-C6AEA296C54C}.Release|x64.Build.0 = Release|Any CPU
		{7ACBE215-A7D3-4D53-B4BF-C6AEA296C54C}.Release|x86.ActiveCfg = Release|Any CPU
		{7ACBE215-A7D3-4D53-B4BF-C6AEA296C54C}.Release|x86.Build.0 = Release|Any CPU
	EndGlobalSection
	GlobalSection(SolutionProperties) = preSolution
		HideSolutionNode = FALSE
	EndGlobalSection
	GlobalSection(NestedProjects) = preSolution
		{C54A063B-CA1C-4192-A14A-F12CB1DB43BD} = {52AAA35F-AB7F-2E3B-CD63-DE459F1DD777}
		{50D238A4-C0A5-4A49-A5DD-C4722FD538E7} = {52AAA35F-AB7F-2E3B-CD63-DE459F1DD777}
		{566685BB-7499-4603-8A0B-05F2F1B8AE5C} = {52AAA35F-AB7F-2E3B-CD63-DE459F1DD777}
		{B365AD72-E603-453F-8641-EF927A17F59F} = {52AAA35F-AB7F-2E3B-CD63-DE459F1DD777}
		{7ACBE215-A7D3-4D53-B4BF-C6AEA296C54C} = {52AAA35F-AB7F-2E3B-CD63-DE459F1DD777}
	EndGlobalSection
EndGlobal
