
Microsoft Visual Studio Solution File, Format Version 12.00
# Visual Studio Version 17
VisualStudioVersion = 17.0.31903.59
MinimumVisualStudioVersion = 10.0.40219.1
Project("{2150E333-8FDC-42A3-9474-1A3956D46DE8}") = "designer-vs2019", "designer-vs2019", "{DDEC7FC2-35DB-98E4-3AB1-06DCC6AF999D}"
EndProject
Project("{FAE04EC0-301F-11D3-BF4B-00C04F79EFBC}") = "REPlayer.Designer2019", "designer-vs2019\REPlayer.Designer2019\REPlayer.Designer2019.csproj", "{F6CE0527-0A1A-4C19-8A2B-8D5DC99A2019}"
EndProject
Global
	GlobalSection(SolutionConfigurationPlatforms) = preSolution
		Debug|Any CPU = Debug|Any CPU
		Debug|x64 = Debug|x64
		Debug|x86 = Debug|x86
		Release|Any CPU = Release|Any CPU
		Release|x64 = Release|x64
		Release|x86 = Release|x86
	EndGlobalSection
	GlobalSection(ProjectConfigurationPlatforms) = postSolution
		{F6CE0527-0A1A-4C19-8A2B-8D5DC99A2019}.Debug|Any CPU.ActiveCfg = Debug|Any CPU
		{F6CE0527-0A1A-4C19-8A2B-8D5DC99A2019}.Debug|Any CPU.Build.0 = Debug|Any CPU
		{F6CE0527-0A1A-4C19-8A2B-8D5DC99A2019}.Debug|x64.ActiveCfg = Debug|Any CPU
		{F6CE0527-0A1A-4C19-8A2B-8D5DC99A2019}.Debug|x64.Build.0 = Debug|Any CPU
		{F6CE0527-0A1A-4C19-8A2B-8D5DC99A2019}.Debug|x86.ActiveCfg = Debug|Any CPU
		{F6CE0527-0A1A-4C19-8A2B-8D5DC99A2019}.Debug|x86.Build.0 = Debug|Any CPU
		{F6CE0527-0A1A-4C19-8A2B-8D5DC99A2019}.Release|Any CPU.ActiveCfg = Release|Any CPU
		{F6CE0527-0A1A-4C19-8A2B-8D5DC99A2019}.Release|Any CPU.Build.0 = Release|Any CPU
		{F6CE0527-0A1A-4C19-8A2B-8D5DC99A2019}.Release|x64.ActiveCfg = Release|Any CPU
		{F6CE0527-0A1A-4C19-8A2B-8D5DC99A2019}.Release|x64.Build.0 = Release|Any CPU
		{F6CE0527-0A1A-4C19-8A2B-8D5DC99A2019}.Release|x86.ActiveCfg = Release|Any CPU
		{F6CE0527-0A1A-4C19-8A2B-8D5DC99A2019}.Release|x86.Build.0 = Release|Any CPU
	EndGlobalSection
	GlobalSection(SolutionProperties) = preSolution
		HideSolutionNode = FALSE
	EndGlobalSection
	GlobalSection(NestedProjects) = preSolution
		{F6CE0527-0A1A-4C19-8A2B-8D5DC99A2019} = {DDEC7FC2-35DB-98E4-3AB1-06DCC6AF999D}
	EndGlobalSection
EndGlobal
